// !$*UTF8*$!
{
	archiveVersion = 1;
	classes = {
	};
	objectVersion = 52;
	objects = {

/* Begin PBXBuildFile section */
		50019A8525CAC9E000E26D09 /* BSocketHelper.framework in Frameworks */ = {isa = PBXBuildFile; fileRef = 50019A8425CAC9E000E26D09 /* BSocketHelper.framework */; platformFilter = ios; };
		FA0CE2DD21C12D9100C52F68 /* SocketNotifyBump.swift in Sources */ = {isa = PBXBuildFile; fileRef = FA0CE2DA21C12D9100C52F68 /* SocketNotifyBump.swift */; };
		FA0CE2DE21C12D9100C52F68 /* SocketOrdersBumpRequest.swift in Sources */ = {isa = PBXBuildFile; fileRef = FA0CE2DB21C12D9100C52F68 /* SocketOrdersBumpRequest.swift */; };
		FA0CE2DF21C12D9100C52F68 /* SocketOrdersBumpResponse.swift in Sources */ = {isa = PBXBuildFile; fileRef = FA0CE2DC21C12D9100C52F68 /* SocketOrdersBumpResponse.swift */; };
		FA0CE2E221C12DAB00C52F68 /* AlleeBumpStatus.swift in Sources */ = {isa = PBXBuildFile; fileRef = FA0CE2E021C12DAB00C52F68 /* AlleeBumpStatus.swift */; };
		FA0CE2E321C12DAB00C52F68 /* AlleeOrderBumpStatus.swift in Sources */ = {isa = PBXBuildFile; fileRef = FA0CE2E121C12DAB00C52F68 /* AlleeOrderBumpStatus.swift */; };
		FA0CE2E521C1346B00C52F68 /* OrdersBumpStatusDelegate.swift in Sources */ = {isa = PBXBuildFile; fileRef = FA0CE2E421C1346B00C52F68 /* OrdersBumpStatusDelegate.swift */; };
		FA1796A92119CF4400E4129E /* AlleeItem.swift in Sources */ = {isa = PBXBuildFile; fileRef = FA1796A62119CF4400E4129E /* AlleeItem.swift */; };
		FA1796AA2119CF4400E4129E /* AlleeOrder.swift in Sources */ = {isa = PBXBuildFile; fileRef = FA1796A72119CF4400E4129E /* AlleeOrder.swift */; };
		FA1796AB2119CF4400E4129E /* AlleeCustomer.swift in Sources */ = {isa = PBXBuildFile; fileRef = FA1796A82119CF4400E4129E /* AlleeCustomer.swift */; };
		FA1BA5C3210A41BB0008030E /* SocketSendOrder.swift in Sources */ = {isa = PBXBuildFile; fileRef = FA1BA5BD210A41BB0008030E /* SocketSendOrder.swift */; };
		FA1BA60E210A44CC0008030E /* AlleeTransType.swift in Sources */ = {isa = PBXBuildFile; fileRef = FA1BA5BF210A41BB0008030E /* AlleeTransType.swift */; };
		FA1BA610210A44CC0008030E /* AlleeCondiment.swift in Sources */ = {isa = PBXBuildFile; fileRef = FA1BA5C1210A41BB0008030E /* AlleeCondiment.swift */; };
		FA798C95212612470053ED23 /* AlleeSummary.swift in Sources */ = {isa = PBXBuildFile; fileRef = FA798C94212612470053ED23 /* AlleeSummary.swift */; };
		FAA71FD8215D4A2A0006E03D /* AlleeItemRecipe.swift in Sources */ = {isa = PBXBuildFile; fileRef = FAA71FD7215D4A2A0006E03D /* AlleeItemRecipe.swift */; };
		FAB0992E2109191600CE1D5C /* AlleeSDK.h in Headers */ = {isa = PBXBuildFile; fileRef = FAB0992C2109191600CE1D5C /* AlleeSDK.h */; settings = {ATTRIBUTES = (Public, ); }; };
		FAB0994B21091C3900CE1D5C /* AlleeSDK.swift in Sources */ = {isa = PBXBuildFile; fileRef = FAB0994A21091C3900CE1D5C /* AlleeSDK.swift */; };
/* End PBXBuildFile section */

/* Begin PBXCopyFilesBuildPhase section */
		FAC2C97E211A1302004E4781 /* CopyFiles */ = {
			isa = PBXCopyFilesBuildPhase;
			buildActionMask = 2147483647;
			dstPath = "";
			dstSubfolderSpec = 7;
			files = (
			);
			runOnlyForDeploymentPostprocessing = 0;
		};
		FAC2C97F211A1305004E4781 /* CopyFiles */ = {
			isa = PBXCopyFilesBuildPhase;
			buildActionMask = 2147483647;
			dstPath = "";
			dstSubfolderSpec = 7;
			files = (
			);
			runOnlyForDeploymentPostprocessing = 0;
		};
/* End PBXCopyFilesBuildPhase section */

/* Begin PBXFileReference section */
		50019A8425CAC9E000E26D09 /* BSocketHelper.framework */ = {isa = PBXFileReference; lastKnownFileType = wrapper.framework; name = BSocketHelper.framework; path = "../../../../Users/carlosferreira/Library/Developer/Xcode/DerivedData/BSocketHelper-blbgozzzniyazneuyesulpobzzyn/Build/Products/Debug-iphoneos/BSocketHelper.framework"; sourceTree = "<group>"; };
		FA0CE2DA21C12D9100C52F68 /* SocketNotifyBump.swift */ = {isa = PBXFileReference; fileEncoding = 4; lastKnownFileType = sourcecode.swift; path = SocketNotifyBump.swift; sourceTree = "<group>"; };
		FA0CE2DB21C12D9100C52F68 /* SocketOrdersBumpRequest.swift */ = {isa = PBXFileReference; fileEncoding = 4; lastKnownFileType = sourcecode.swift; path = SocketOrdersBumpRequest.swift; sourceTree = "<group>"; };
		FA0CE2DC21C12D9100C52F68 /* SocketOrdersBumpResponse.swift */ = {isa = PBXFileReference; fileEncoding = 4; lastKnownFileType = sourcecode.swift; path = SocketOrdersBumpResponse.swift; sourceTree = "<group>"; };
		FA0CE2E021C12DAB00C52F68 /* AlleeBumpStatus.swift */ = {isa = PBXFileReference; fileEncoding = 4; lastKnownFileType = sourcecode.swift; path = AlleeBumpStatus.swift; sourceTree = "<group>"; };
		FA0CE2E121C12DAB00C52F68 /* AlleeOrderBumpStatus.swift */ = {isa = PBXFileReference; fileEncoding = 4; lastKnownFileType = sourcecode.swift; path = AlleeOrderBumpStatus.swift; sourceTree = "<group>"; };
		FA0CE2E421C1346B00C52F68 /* OrdersBumpStatusDelegate.swift */ = {isa = PBXFileReference; lastKnownFileType = sourcecode.swift; path = OrdersBumpStatusDelegate.swift; sourceTree = "<group>"; };
		FA1796A62119CF4400E4129E /* AlleeItem.swift */ = {isa = PBXFileReference; fileEncoding = 4; lastKnownFileType = sourcecode.swift; path = AlleeItem.swift; sourceTree = "<group>"; };
		FA1796A72119CF4400E4129E /* AlleeOrder.swift */ = {isa = PBXFileReference; fileEncoding = 4; lastKnownFileType = sourcecode.swift; path = AlleeOrder.swift; sourceTree = "<group>"; };
		FA1796A82119CF4400E4129E /* AlleeCustomer.swift */ = {isa = PBXFileReference; fileEncoding = 4; lastKnownFileType = sourcecode.swift; path = AlleeCustomer.swift; sourceTree = "<group>"; };
		FA1BA5BD210A41BB0008030E /* SocketSendOrder.swift */ = {isa = PBXFileReference; fileEncoding = 4; lastKnownFileType = sourcecode.swift; path = SocketSendOrder.swift; sourceTree = "<group>"; };
		FA1BA5BF210A41BB0008030E /* AlleeTransType.swift */ = {isa = PBXFileReference; fileEncoding = 4; lastKnownFileType = sourcecode.swift; path = AlleeTransType.swift; sourceTree = "<group>"; };
		FA1BA5C1210A41BB0008030E /* AlleeCondiment.swift */ = {isa = PBXFileReference; fileEncoding = 4; lastKnownFileType = sourcecode.swift; path = AlleeCondiment.swift; sourceTree = "<group>"; };
		FA798C94212612470053ED23 /* AlleeSummary.swift */ = {isa = PBXFileReference; fileEncoding = 4; lastKnownFileType = sourcecode.swift; path = AlleeSummary.swift; sourceTree = "<group>"; };
		FAA71FD7215D4A2A0006E03D /* AlleeItemRecipe.swift */ = {isa = PBXFileReference; fileEncoding = 4; lastKnownFileType = sourcecode.swift; path = AlleeItemRecipe.swift; sourceTree = "<group>"; };
		FAB099292109191600CE1D5C /* AlleeSDK.framework */ = {isa = PBXFileReference; explicitFileType = wrapper.framework; includeInIndex = 0; path = AlleeSDK.framework; sourceTree = BUILT_PRODUCTS_DIR; };
		FAB0992C2109191600CE1D5C /* AlleeSDK.h */ = {isa = PBXFileReference; lastKnownFileType = sourcecode.c.h; path = AlleeSDK.h; sourceTree = "<group>"; };
		FAB0992D2109191600CE1D5C /* Info.plist */ = {isa = PBXFileReference; lastKnownFileType = text.plist.xml; path = Info.plist; sourceTree = "<group>"; };
		FAB0994A21091C3900CE1D5C /* AlleeSDK.swift */ = {isa = PBXFileReference; lastKnownFileType = sourcecode.swift; path = AlleeSDK.swift; sourceTree = "<group>"; };
		FAE24D1E211B2D2C002EDE9E /* AlleeSDK.podspec */ = {isa = PBXFileReference; fileEncoding = 4; lastKnownFileType = text; path = AlleeSDK.podspec; sourceTree = "<group>"; };
/* End PBXFileReference section */

/* Begin PBXFrameworksBuildPhase section */
		FAB099252109191600CE1D5C /* Frameworks */ = {
			isa = PBXFrameworksBuildPhase;
			buildActionMask = 2147483647;
			files = (
				50019A8525CAC9E000E26D09 /* BSocketHelper.framework in Frameworks */,
			);
			runOnlyForDeploymentPostprocessing = 0;
		};
/* End PBXFrameworksBuildPhase section */

/* Begin PBXGroup section */
		FA1BA5BB210A41BB0008030E /* AlleeCommon */ = {
			isa = PBXGroup;
			children = (
				FA1BA5BC210A41BB0008030E /* Messages */,
				FA1BA5BE210A41BB0008030E /* Models */,
			);
			name = AlleeCommon;
			path = Frameworks/AlleeCommon;
			sourceTree = "<group>";
		};
		FA1BA5BC210A41BB0008030E /* Messages */ = {
			isa = PBXGroup;
			children = (
				FA0CE2DA21C12D9100C52F68 /* SocketNotifyBump.swift */,
				FA0CE2DB21C12D9100C52F68 /* SocketOrdersBumpRequest.swift */,
				FA0CE2DC21C12D9100C52F68 /* SocketOrdersBumpResponse.swift */,
				FA1BA5BD210A41BB0008030E /* SocketSendOrder.swift */,
			);
			path = Messages;
			sourceTree = "<group>";
		};
		FA1BA5BE210A41BB0008030E /* Models */ = {
			isa = PBXGroup;
			children = (
				FA0CE2E021C12DAB00C52F68 /* AlleeBumpStatus.swift */,
				FA1BA5C1210A41BB0008030E /* AlleeCondiment.swift */,
				FA1796A82119CF4400E4129E /* AlleeCustomer.swift */,
				FA1796A62119CF4400E4129E /* AlleeItem.swift */,
				FAA71FD7215D4A2A0006E03D /* AlleeItemRecipe.swift */,
				FA1796A72119CF4400E4129E /* AlleeOrder.swift */,
				FA0CE2E121C12DAB00C52F68 /* AlleeOrderBumpStatus.swift */,
				FA798C94212612470053ED23 /* AlleeSummary.swift */,
				FA1BA5BF210A41BB0008030E /* AlleeTransType.swift */,
			);
			path = Models;
			sourceTree = "<group>";
		};
		FAB0991F2109191600CE1D5C = {
			isa = PBXGroup;
			children = (
				FAE24D1E211B2D2C002EDE9E /* AlleeSDK.podspec */,
				FAB0992B2109191600CE1D5C /* AlleeSDK */,
				FAB0992A2109191600CE1D5C /* Products */,
				FAB0994321091A5A00CE1D5C /* Frameworks */,
			);
			sourceTree = "<group>";
		};
		FAB0992A2109191600CE1D5C /* Products */ = {
			isa = PBXGroup;
			children = (
				FAB099292109191600CE1D5C /* AlleeSDK.framework */,
			);
			name = Products;
			sourceTree = "<group>";
		};
		FAB0992B2109191600CE1D5C /* AlleeSDK */ = {
			isa = PBXGroup;
			children = (
				FAB0992C2109191600CE1D5C /* AlleeSDK.h */,
				FAB0994A21091C3900CE1D5C /* AlleeSDK.swift */,
				FA0CE2E421C1346B00C52F68 /* OrdersBumpStatusDelegate.swift */,
				FAB0992D2109191600CE1D5C /* Info.plist */,
			);
			path = AlleeSDK;
			sourceTree = "<group>";
		};
		FAB0994321091A5A00CE1D5C /* Frameworks */ = {
			isa = PBXGroup;
			children = (
				50019A8425CAC9E000E26D09 /* BSocketHelper.framework */,
				FA1BA5BB210A41BB0008030E /* AlleeCommon */,
			);
			name = Frameworks;
			sourceTree = "<group>";
		};
/* End PBXGroup section */

/* Begin PBXHeadersBuildPhase section */
		FAB099262109191600CE1D5C /* Headers */ = {
			isa = PBXHeadersBuildPhase;
			buildActionMask = 2147483647;
			files = (
				FAB0992E2109191600CE1D5C /* AlleeSDK.h in Headers */,
			);
			runOnlyForDeploymentPostprocessing = 0;
		};
/* End PBXHeadersBuildPhase section */

/* Begin PBXNativeTarget section */
		FAB099282109191600CE1D5C /* AlleeSDK */ = {
			isa = PBXNativeTarget;
			buildConfigurationList = FAB099312109191600CE1D5C /* Build configuration list for PBXNativeTarget "AlleeSDK" */;
			buildPhases = (
				FAB099242109191600CE1D5C /* Sources */,
				FAB099252109191600CE1D5C /* Frameworks */,
				FAB099262109191600CE1D5C /* Headers */,
				FAB099272109191600CE1D5C /* Resources */,
				FAC2C97E211A1302004E4781 /* CopyFiles */,
				FAC2C97F211A1305004E4781 /* CopyFiles */,
			);
			buildRules = (
			);
			dependencies = (
			);
			name = AlleeSDK;
			productName = AlleeSDK;
			productReference = FAB099292109191600CE1D5C /* AlleeSDK.framework */;
			productType = "com.apple.product-type.framework";
		};
/* End PBXNativeTarget section */

/* Begin PBXProject section */
		FAB099202109191600CE1D5C /* Project object */ = {
			isa = PBXProject;
			attributes = {
				LastUpgradeCheck = 1000;
				ORGANIZATIONNAME = Bematech;
				TargetAttributes = {
					FAB099282109191600CE1D5C = {
						CreatedOnToolsVersion = 9.4;
						LastSwiftMigration = 1020;
					};
				};
			};
			buildConfigurationList = FAB099232109191600CE1D5C /* Build configuration list for PBXProject "AlleeSDK" */;
			compatibilityVersion = "Xcode 9.3";
			developmentRegion = en;
			hasScannedForEncodings = 0;
			knownRegions = (
				en,
			);
			mainGroup = FAB0991F2109191600CE1D5C;
			productRefGroup = FAB0992A2109191600CE1D5C /* Products */;
			projectDirPath = "";
			projectRoot = "";
			targets = (
				FAB099282109191600CE1D5C /* AlleeSDK */,
			);
		};
/* End PBXProject section */

/* Begin PBXResourcesBuildPhase section */
		FAB099272109191600CE1D5C /* Resources */ = {
			isa = PBXResourcesBuildPhase;
			buildActionMask = 2147483647;
			files = (
			);
			runOnlyForDeploymentPostprocessing = 0;
		};
/* End PBXResourcesBuildPhase section */

/* Begin PBXSourcesBuildPhase section */
		FAB099242109191600CE1D5C /* Sources */ = {
			isa = PBXSourcesBuildPhase;
			buildActionMask = 2147483647;
			files = (
				FA0CE2DF21C12D9100C52F68 /* SocketOrdersBumpResponse.swift in Sources */,
				FA1BA60E210A44CC0008030E /* AlleeTransType.swift in Sources */,
				FA1796AA2119CF4400E4129E /* AlleeOrder.swift in Sources */,
				FA1796A92119CF4400E4129E /* AlleeItem.swift in Sources */,
				FA0CE2DD21C12D9100C52F68 /* SocketNotifyBump.swift in Sources */,
				FAB0994B21091C3900CE1D5C /* AlleeSDK.swift in Sources */,
				FA1BA610210A44CC0008030E /* AlleeCondiment.swift in Sources */,
				FA0CE2E221C12DAB00C52F68 /* AlleeBumpStatus.swift in Sources */,
				FA0CE2E321C12DAB00C52F68 /* AlleeOrderBumpStatus.swift in Sources */,
				FA0CE2DE21C12D9100C52F68 /* SocketOrdersBumpRequest.swift in Sources */,
				FA1796AB2119CF4400E4129E /* AlleeCustomer.swift in Sources */,
				FAA71FD8215D4A2A0006E03D /* AlleeItemRecipe.swift in Sources */,
				FA0CE2E521C1346B00C52F68 /* OrdersBumpStatusDelegate.swift in Sources */,
				FA798C95212612470053ED23 /* AlleeSummary.swift in Sources */,
				FA1BA5C3210A41BB0008030E /* SocketSendOrder.swift in Sources */,
			);
			runOnlyForDeploymentPostprocessing = 0;
		};
/* End PBXSourcesBuildPhase section */

/* Begin XCBuildConfiguration section */
		FAB0992F2109191600CE1D5C /* Debug */ = {
			isa = XCBuildConfiguration;
			buildSettings = {
				ALWAYS_SEARCH_USER_PATHS = NO;
				CLANG_ANALYZER_NONNULL = YES;
				CLANG_ANALYZER_NUMBER_OBJECT_CONVERSION = YES_AGGRESSIVE;
				CLANG_CXX_LANGUAGE_STANDARD = "gnu++14";
				CLANG_CXX_LIBRARY = "libc++";
				CLANG_ENABLE_MODULES = YES;
				CLANG_ENABLE_OBJC_ARC = YES;
				CLANG_ENABLE_OBJC_WEAK = YES;
				CLANG_WARN_BLOCK_CAPTURE_AUTORELEASING = YES;
				CLANG_WARN_BOOL_CONVERSION = YES;
				CLANG_WARN_COMMA = YES;
				CLANG_WARN_CONSTANT_CONVERSION = YES;
				CLANG_WARN_DEPRECATED_OBJC_IMPLEMENTATIONS = YES;
				CLANG_WARN_DIRECT_OBJC_ISA_USAGE = YES_ERROR;
				CLANG_WARN_DOCUMENTATION_COMMENTS = YES;
				CLANG_WARN_EMPTY_BODY = YES;
				CLANG_WARN_ENUM_CONVERSION = YES;
				CLANG_WARN_INFINITE_RECURSION = YES;
				CLANG_WARN_INT_CONVERSION = YES;
				CLANG_WARN_NON_LITERAL_NULL_CONVERSION = YES;
				CLANG_WARN_OBJC_IMPLICIT_RETAIN_SELF = YES;
				CLANG_WARN_OBJC_LITERAL_CONVERSION = YES;
				CLANG_WARN_OBJC_ROOT_CLASS = YES_ERROR;
				CLANG_WARN_RANGE_LOOP_ANALYSIS = YES;
				CLANG_WARN_STRICT_PROTOTYPES = YES;
				CLANG_WARN_SUSPICIOUS_MOVE = YES;
				CLANG_WARN_UNGUARDED_AVAILABILITY = YES_AGGRESSIVE;
				CLANG_WARN_UNREACHABLE_CODE = YES;
				CLANG_WARN__DUPLICATE_METHOD_MATCH = YES;
				CODE_SIGN_IDENTITY = "iPhone Developer";
				COPY_PHASE_STRIP = NO;
				CURRENT_PROJECT_VERSION = 10;
				DEBUG_INFORMATION_FORMAT = dwarf;
				ENABLE_STRICT_OBJC_MSGSEND = YES;
				ENABLE_TESTABILITY = YES;
				GCC_C_LANGUAGE_STANDARD = gnu11;
				GCC_DYNAMIC_NO_PIC = NO;
				GCC_NO_COMMON_BLOCKS = YES;
				GCC_OPTIMIZATION_LEVEL = 0;
				GCC_PREPROCESSOR_DEFINITIONS = (
					"DEBUG=1",
					"$(inherited)",
				);
				GCC_WARN_64_TO_32_BIT_CONVERSION = YES;
				GCC_WARN_ABOUT_RETURN_TYPE = YES_ERROR;
				GCC_WARN_UNDECLARED_SELECTOR = YES;
				GCC_WARN_UNINITIALIZED_AUTOS = YES_AGGRESSIVE;
				GCC_WARN_UNUSED_FUNCTION = YES;
				GCC_WARN_UNUSED_VARIABLE = YES;
				IPHONEOS_DEPLOYMENT_TARGET = 11.4;
				MTL_ENABLE_DEBUG_INFO = YES;
				ONLY_ACTIVE_ARCH = YES;
				SDKROOT = iphoneos;
				SWIFT_ACTIVE_COMPILATION_CONDITIONS = DEBUG;
				SWIFT_OPTIMIZATION_LEVEL = "-Onone";
				VERSIONING_SYSTEM = "apple-generic";
				VERSION_INFO_PREFIX = "";
			};
			name = Debug;
		};
		FAB099302109191600CE1D5C /* Release */ = {
			isa = XCBuildConfiguration;
			buildSettings = {
				ALWAYS_SEARCH_USER_PATHS = NO;
				CLANG_ANALYZER_NONNULL = YES;
				CLANG_ANALYZER_NUMBER_OBJECT_CONVERSION = YES_AGGRESSIVE;
				CLANG_CXX_LANGUAGE_STANDARD = "gnu++14";
				CLANG_CXX_LIBRARY = "libc++";
				CLANG_ENABLE_MODULES = YES;
				CLANG_ENABLE_OBJC_ARC = YES;
				CLANG_ENABLE_OBJC_WEAK = YES;
				CLANG_WARN_BLOCK_CAPTURE_AUTORELEASING = YES;
				CLANG_WARN_BOOL_CONVERSION = YES;
				CLANG_WARN_COMMA = YES;
				CLANG_WARN_CONSTANT_CONVERSION = YES;
				CLANG_WARN_DEPRECATED_OBJC_IMPLEMENTATIONS = YES;
				CLANG_WARN_DIRECT_OBJC_ISA_USAGE = YES_ERROR;
				CLANG_WARN_DOCUMENTATION_COMMENTS = YES;
				CLANG_WARN_EMPTY_BODY = YES;
				CLANG_WARN_ENUM_CONVERSION = YES;
				CLANG_WARN_INFINITE_RECURSION = YES;
				CLANG_WARN_INT_CONVERSION = YES;
				CLANG_WARN_NON_LITERAL_NULL_CONVERSION = YES;
				CLANG_WARN_OBJC_IMPLICIT_RETAIN_SELF = YES;
				CLANG_WARN_OBJC_LITERAL_CONVERSION = YES;
				CLANG_WARN_OBJC_ROOT_CLASS = YES_ERROR;
				CLANG_WARN_RANGE_LOOP_ANALYSIS = YES;
				CLANG_WARN_STRICT_PROTOTYPES = YES;
				CLANG_WARN_SUSPICIOUS_MOVE = YES;
				CLANG_WARN_UNGUARDED_AVAILABILITY = YES_AGGRESSIVE;
				CLANG_WARN_UNREACHABLE_CODE = YES;
				CLANG_WARN__DUPLICATE_METHOD_MATCH = YES;
				CODE_SIGN_IDENTITY = "iPhone Developer";
				COPY_PHASE_STRIP = NO;
				CURRENT_PROJECT_VERSION = 10;
				DEBUG_INFORMATION_FORMAT = "dwarf-with-dsym";
				ENABLE_NS_ASSERTIONS = NO;
				ENABLE_STRICT_OBJC_MSGSEND = YES;
				GCC_C_LANGUAGE_STANDARD = gnu11;
				GCC_NO_COMMON_BLOCKS = YES;
				GCC_WARN_64_TO_32_BIT_CONVERSION = YES;
				GCC_WARN_ABOUT_RETURN_TYPE = YES_ERROR;
				GCC_WARN_UNDECLARED_SELECTOR = YES;
				GCC_WARN_UNINITIALIZED_AUTOS = YES_AGGRESSIVE;
				GCC_WARN_UNUSED_FUNCTION = YES;
				GCC_WARN_UNUSED_VARIABLE = YES;
				IPHONEOS_DEPLOYMENT_TARGET = 11.4;
				MTL_ENABLE_DEBUG_INFO = NO;
				SDKROOT = iphoneos;
				SWIFT_COMPILATION_MODE = wholemodule;
				SWIFT_OPTIMIZATION_LEVEL = "-O";
				VALIDATE_PRODUCT = YES;
				VERSIONING_SYSTEM = "apple-generic";
				VERSION_INFO_PREFIX = "";
			};
			name = Release;
		};
		FAB099322109191600CE1D5C /* Debug */ = {
			isa = XCBuildConfiguration;
			buildSettings = {
				CLANG_ALLOW_NON_MODULAR_INCLUDES_IN_FRAMEWORK_MODULES = NO;
				CLANG_ENABLE_MODULES = YES;
				CODE_SIGN_IDENTITY = "";
				CODE_SIGN_STYLE = Automatic;
				CURRENT_PROJECT_VERSION = 30;
				DEFINES_MODULE = YES;
				DYLIB_COMPATIBILITY_VERSION = 1;
				DYLIB_CURRENT_VERSION = 1;
				DYLIB_INSTALL_NAME_BASE = "@rpath";
				FRAMEWORK_SEARCH_PATHS = (
					"$(inherited)",
					"$(PROJECT_DIR)",
					"$(PROJECT_DIR)/Frameworks",
				);
				INFOPLIST_FILE = AlleeSDK/Info.plist;
				INSTALL_PATH = "$(LOCAL_LIBRARY_DIR)/Frameworks";
				IPHONEOS_DEPLOYMENT_TARGET = 8;
				LD_RUNPATH_SEARCH_PATHS = (
					"$(inherited)",
					"@executable_path/Frameworks",
					"@loader_path/Frameworks",
				);
				LIBRARY_SEARCH_PATHS = (
					"$(inherited)",
					"$(PROJECT_DIR)",
				);
				MARKETING_VERSION = 1.7;
				ONLY_ACTIVE_ARCH = YES;
				PRODUCT_BUNDLE_IDENTIFIER = com.bematech.AlleeSDK;
				PRODUCT_NAME = "$(TARGET_NAME:c99extidentifier)";
				SKIP_INSTALL = YES;
				SWIFT_OPTIMIZATION_LEVEL = "-Onone";
				SWIFT_VERSION = 5.0;
				TARGETED_DEVICE_FAMILY = "1,2";
				VALID_ARCHS = "arm64 armv7 armv7s";
			};
			name = Debug;
		};
		FAB099332109191600CE1D5C /* Release */ = {
			isa = XCBuildConfiguration;
			buildSettings = {
				CLANG_ALLOW_NON_MODULAR_INCLUDES_IN_FRAMEWORK_MODULES = NO;
				CLANG_ENABLE_MODULES = YES;
				CODE_SIGN_IDENTITY = "";
				CODE_SIGN_STYLE = Automatic;
				CURRENT_PROJECT_VERSION = 30;
				DEFINES_MODULE = YES;
				DYLIB_COMPATIBILITY_VERSION = 1;
				DYLIB_CURRENT_VERSION = 1;
				DYLIB_INSTALL_NAME_BASE = "@rpath";
				FRAMEWORK_SEARCH_PATHS = (
					"$(inherited)",
					"$(PROJECT_DIR)",
					"$(PROJECT_DIR)/Frameworks",
				);
				INFOPLIST_FILE = AlleeSDK/Info.plist;
				INSTALL_PATH = "$(LOCAL_LIBRARY_DIR)/Frameworks";
				IPHONEOS_DEPLOYMENT_TARGET = 8;
				LD_RUNPATH_SEARCH_PATHS = (
					"$(inherited)",
					"@executable_path/Frameworks",
					"@loader_path/Frameworks",
				);
				LIBRARY_SEARCH_PATHS = (
					"$(inherited)",
					"$(PROJECT_DIR)",
				);
				MARKETING_VERSION = 1.7;
				PRODUCT_BUNDLE_IDENTIFIER = com.bematech.AlleeSDK;
				PRODUCT_NAME = "$(TARGET_NAME:c99extidentifier)";
				SKIP_INSTALL = YES;
				SWIFT_VERSION = 5.0;
				TARGETED_DEVICE_FAMILY = "1,2";
				VALID_ARCHS = "arm64 armv7 armv7s";
			};
			name = Release;
		};
/* End XCBuildConfiguration section */

/* Begin XCConfigurationList section */
		FAB099232109191600CE1D5C /* Build configuration list for PBXProject "AlleeSDK" */ = {
			isa = XCConfigurationList;
			buildConfigurations = (
				FAB0992F2109191600CE1D5C /* Debug */,
				FAB099302109191600CE1D5C /* Release */,
			);
			defaultConfigurationIsVisible = 0;
			defaultConfigurationName = Release;
		};
		FAB099312109191600CE1D5C /* Build configuration list for PBXNativeTarget "AlleeSDK" */ = {
			isa = XCConfigurationList;
			buildConfigurations = (
				FAB099322109191600CE1D5C /* Debug */,
				FAB099332109191600CE1D5C /* Release */,
			);
			defaultConfigurationIsVisible = 0;
			defaultConfigurationName = Release;
		};
/* End XCConfigurationList section */
	};
	rootObject = FAB099202109191600CE1D5C /* Project object */;
}
